
Microsoft Visual Studio Solution File, Format Version 12.00
# Visual Studio 14
VisualStudioVersion = 14.0.23107.0
MinimumVisualStudioVersion = 10.0.40219.1
Project("{FAE04EC0-301F-11D3-BF4B-00C04F79EFBC}") = "HtmlDogTutorial", "HtmlDogTutorial\HtmlDogTutorial.csproj", "{E141E197-CFD2-43C8-8B5A-9179077C46A5}"
EndProject
Project("{2150E333-8FDC-42A3-9474-1A3956D46DE8}") = "temp", "temp", "{AFBC4A35-3EC0-4309-80A4-FBA227BAF035}"
	ProjectSection(SolutionItems) = preProject
		.gitignore = .gitignore
		questions.txt = questions.txt
	EndProjectSection
EndProject
Global
	GlobalSection(SolutionConfigurationPlatforms) = preSolution
		Debug|Any CPU = Debug|Any CPU
		Release|Any CPU = Release|Any CPU
	EndGlobalSection
	GlobalSection(ProjectConfigurationPlatforms) = postSolution
		{E141E197-CFD2-43C8-8B5A-9179077C46A5}.Debug|Any CPU.ActiveCfg = Debug|Any CPU
		{E141E197-CFD2-43C8-8B5A-9179077C46A5}.Debug|Any CPU.Build.0 = Debug|Any CPU
		{E141E197-CFD2-43C8-8B5A-9179077C46A5}.Release|Any CPU.ActiveCfg = Release|Any CPU
		{E141E197-CFD2-43C8-8B5A-9179077C46A5}.Release|Any CPU.Build.0 = Release|Any CPU
	EndGlobalSection
	GlobalSection(SolutionProperties) = preSolution
		HideSolutionNode = FALSE
	EndGlobalSection
EndGlobal
